
Microsoft Visual Studio Solution File, Format Version 12.00
# Visual Studio Version 17
VisualStudioVersion = 17.11.35312.102
MinimumVisualStudioVersion = 10.0.40219.1
Project("{9A19103F-16F7-4668-BE54-9A1E7A4F7556}") = "DataAccess", "DataAccess\DataAccess.csproj", "{5035C113-0531-4AF8-8136-393D079DCDE2}"
EndProject
Project("{9A19103F-16F7-4668-BE54-9A1E7A4F7556}") = "Business", "Business\Business.csproj", "{1584C6BD-3FA8-4C3D-95FE-E755816D3BB1}"
	ProjectSection(ProjectDependencies) = postProject
		{C70D3A88-3963-4F3F-8FF7-1C516967FEC5} = {C70D3A88-3963-4F3F-8FF7-1C516967FEC5}
	EndProjectSection
EndProject
Project("{9A19103F-16F7-4668-BE54-9A1E7A4F7556}") = "Entities", "Entities\Entities.csproj", "{50AFD72F-9DAD-454B-A136-A8E8AB668CF2}"
EndProject
Project("{9A19103F-16F7-4668-BE54-9A1E7A4F7556}") = "ConsoleTest", "ConsoleTest\ConsoleTest.csproj", "{CFE3216D-BE27-4888-AB00-E04AD6086183}"
EndProject
Project("{9A19103F-16F7-4668-BE54-9A1E7A4F7556}") = "Core", "Core\Core.csproj", "{C70D3A88-3963-4F3F-8FF7-1C516967FEC5}"
EndProject
Project("{9A19103F-16F7-4668-BE54-9A1E7A4F7556}") = "WebApi", "WebApi\WebApi.csproj", "{BBF4A1AB-7C5B-40C2-B1D4-8AD78BA15871}"
EndProject
Global
	GlobalSection(SolutionConfigurationPlatforms) = preSolution
		Debug|Any CPU = Debug|Any CPU
		Release|Any CPU = Release|Any CPU
	EndGlobalSection
	GlobalSection(ProjectConfigurationPlatforms) = postSolution
		{5035C113-0531-4AF8-8136-393D079DCDE2}.Debug|Any CPU.ActiveCfg = Debug|Any CPU
		{5035C113-0531-4AF8-8136-393D079DCDE2}.Debug|Any CPU.Build.0 = Debug|Any CPU
		{5035C113-0531-4AF8-8136-393D079DCDE2}.Release|Any CPU.ActiveCfg = Release|Any CPU
		{5035C113-0531-4AF8-8136-393D079DCDE2}.Release|Any CPU.Build.0 = Release|Any CPU
		{1584C6BD-3FA8-4C3D-95FE-E755816D3BB1}.Debug|Any CPU.ActiveCfg = Debug|Any CPU
		{1584C6BD-3FA8-4C3D-95FE-E755816D3BB1}.Debug|Any CPU.Build.0 = Debug|Any CPU
		{1584C6BD-3FA8-4C3D-95FE-E755816D3BB1}.Release|Any CPU.ActiveCfg = Release|Any CPU
		{1584C6BD-3FA8-4C3D-95FE-E755816D3BB1}.Release|Any CPU.Build.0 = Release|Any CPU
		{50AFD72F-9DAD-454B-A136-A8E8AB668CF2}.Debug|Any CPU.ActiveCfg = Debug|Any CPU
		{50AFD72F-9DAD-454B-A136-A8E8AB668CF2}.Debug|Any CPU.Build.0 = Debug|Any CPU
		{50AFD72F-9DAD-454B-A136-A8E8AB668CF2}.Release|Any CPU.ActiveCfg = Release|Any CPU
		{50AFD72F-9DAD-454B-A136-A8E8AB668CF2}.Release|Any CPU.Build.0 = Release|Any CPU
		{CFE3216D-BE27-4888-AB00-E04AD6086183}.Debug|Any CPU.ActiveCfg = Debug|Any CPU
		{CFE3216D-BE27-4888-AB00-E04AD6086183}.Debug|Any CPU.Build.0 = Debug|Any CPU
		{CFE3216D-BE27-4888-AB00-E04AD6086183}.Release|Any CPU.ActiveCfg = Release|Any CPU
		{CFE3216D-BE27-4888-AB00-E04AD6086183}.Release|Any CPU.Build.0 = Release|Any CPU
		{C70D3A88-3963-4F3F-8FF7-1C516967FEC5}.Debug|Any CPU.ActiveCfg = Debug|Any CPU
		{C70D3A88-3963-4F3F-8FF7-1C516967FEC5}.Debug|Any CPU.Build.0 = Debug|Any CPU
		{C70D3A88-3963-4F3F-8FF7-1C516967FEC5}.Release|Any CPU.ActiveCfg = Release|Any CPU
		{C70D3A88-3963-4F3F-8FF7-1C516967FEC5}.Release|Any CPU.Build.0 = Release|Any CPU
		{BBF4A1AB-7C5B-40C2-B1D4-8AD78BA15871}.Debug|Any CPU.ActiveCfg = Debug|Any CPU
		{BBF4A1AB-7C5B-40C2-B1D4-8AD78BA15871}.Debug|Any CPU.Build.0 = Debug|Any CPU
		{BBF4A1AB-7C5B-40C2-B1D4-8AD78BA15871}.Release|Any CPU.ActiveCfg = Release|Any CPU
		{BBF4A1AB-7C5B-40C2-B1D4-8AD78BA15871}.Release|Any CPU.Build.0 = Release|Any CPU
	EndGlobalSection
	GlobalSection(SolutionProperties) = preSolution
		HideSolutionNode = FALSE
	EndGlobalSection
	GlobalSection(ExtensibilityGlobals) = postSolution
		SolutionGuid = {E155D41C-0839-47C6-9DE4-D210853B6ABD}
	EndGlobalSection
EndGlobal
